PODS:
  - Capacitor (3.4.1):
    - CapacitorCordova
  - CapacitorActionSheet (1.0.8):
    - Capacitor
  - CapacitorCommunityBarcodeScanner (2.0.1):
    - Capacitor
  - CapacitorCommunityPrivacyScreen (2.1.1):
    - Capacitor
  - CapacitorCordova (3.4.1)
  - CapacitorSecureFilesystemAccess (0.0.1):
    - Capacitor
  - CapacitorSecureStoragePlugin (0.6.2):
    - Capacitor
    - SwiftKeychainWrapper
  - CapacitorShare (1.1.2):
    - Capacitor
  - CapacitorSplashScreen (1.2.2):
    - Capacitor
  - FireflyActorSystemCapacitorBindings (0.0.1):
    - Capacitor
  - IotaWalletInternal (0.2.0)
  - SwiftKeychainWrapper (4.0.1)

DEPENDENCIES:
  - "Capacitor (from `../../../../node_modules/@capacitor/ios`)"
  - "CapacitorActionSheet (from `../../../../node_modules/@capacitor/action-sheet`)"
  - "CapacitorCommunityBarcodeScanner (from `../../../../node_modules/@capacitor-community/barcode-scanner`)"
  - "CapacitorCommunityPrivacyScreen (from `../../../../node_modules/@capacitor-community/privacy-screen`)"
  - "CapacitorCordova (from `../../../../node_modules/@capacitor/ios`)"
  - CapacitorSecureFilesystemAccess (from `../../../../node_modules/capacitor-secure-filesystem-access`)
  - CapacitorSecureStoragePlugin (from `../../../../node_modules/capacitor-secure-storage-plugin`)
  - "CapacitorShare (from `../../../../node_modules/@capacitor/share`)"
  - "CapacitorSplashScreen (from `../../../../node_modules/@capacitor/splash-screen`)"
  - FireflyActorSystemCapacitorBindings (from `../../node_modules/firefly-actor-system-capacitor-bindings`)
  - IotaWalletInternal (from `https://raw.githubusercontent.com/iotaledger/wallet-ios-internal/v0.2.0/IotaWalletInternal.podspec`)

SPEC REPOS:
  trunk:
    - SwiftKeychainWrapper

EXTERNAL SOURCES:
  Capacitor:
    :path: "../../../../node_modules/@capacitor/ios"
  CapacitorActionSheet:
    :path: "../../../../node_modules/@capacitor/action-sheet"
  CapacitorCommunityBarcodeScanner:
    :path: "../../../../node_modules/@capacitor-community/barcode-scanner"
  CapacitorCommunityPrivacyScreen:
    :path: "../../../../node_modules/@capacitor-community/privacy-screen"
  CapacitorCordova:
    :path: "../../../../node_modules/@capacitor/ios"
  CapacitorSecureFilesystemAccess:
    :path: "../../../../node_modules/capacitor-secure-filesystem-access"
  CapacitorSecureStoragePlugin:
    :path: "../../../../node_modules/capacitor-secure-storage-plugin"
  CapacitorShare:
    :path: "../../../../node_modules/@capacitor/share"
  CapacitorSplashScreen:
    :path: "../../../../node_modules/@capacitor/splash-screen"
  FireflyActorSystemCapacitorBindings:
    :path: "../../node_modules/firefly-actor-system-capacitor-bindings"
  IotaWalletInternal:
    :podspec: https://raw.githubusercontent.com/iotaledger/wallet-ios-internal/v0.2.0/IotaWalletInternal.podspec

SPEC CHECKSUMS:
  Capacitor: 9ff0758671daabc97247c8c57a981379bc30bb5f
  CapacitorActionSheet: a32d0c1dd152d324a7c9b20b8998d7ecc0742b13
  CapacitorCommunityBarcodeScanner: fb5a4e2bae89f0a0203cb4809c2f1bfd21579791
  CapacitorCommunityPrivacyScreen: e5c4100887b28805918f92c28d3948b41cb8cc37
  CapacitorCordova: 4cf19cbad01e5a9e143e2f28f66c621c362f0f79
  CapacitorSecureFilesystemAccess: 0b7ef212124316bf4dd5417c1b3f4a3121a38455
  CapacitorSecureStoragePlugin: b24477bcde4004d0536135fa265c9f3318ec9e7e
  CapacitorShare: f1a8ffd3bba7d6113f53fb65aa47d61764c4640a
  CapacitorSplashScreen: 466ab02fdfcfc0efdb6167631386289e82efe2c6
  FireflyActorSystemCapacitorBindings: 59b64ff1b4cb89779283816f7d2c385849ee5247
  IotaWalletInternal: 7bbe592b3b946075aaa4d52a55df10ba7bfb8281
  SwiftKeychainWrapper: 807ba1d63c33a7d0613288512399cd1eda1e470c

PODFILE CHECKSUM: d22bec187482d18c15e7669e75df09c8071f10e8

COCOAPODS: 1.11.2
