# THIS IS AN AUTOGENERATED FILE. DO NOT EDIT THIS FILE DIRECTLY.
# yarn lockfile v1


"@formatjs/intl-unified-numberformat@^3.2.0":
  version "3.3.7"
  resolved "https://registry.yarnpkg.com/@formatjs/intl-unified-numberformat/-/intl-unified-numberformat-3.3.7.tgz#9995a24568908188e716d81a1de5b702b2ee00e2"
  integrity sha512-KnWgLRHzCAgT9eyt3OS34RHoyD7dPDYhRcuKn+/6Kv2knDF8Im43J6vlSW6Hm1w63fNq3ZIT1cFk7RuVO3Psag==
  dependencies:
    "@formatjs/intl-utils" "^2.3.0"

"@formatjs/intl-utils@^2.3.0":
  version "2.3.0"
  resolved "https://registry.yarnpkg.com/@formatjs/intl-utils/-/intl-utils-2.3.0.tgz#2dc8c57044de0340eb53a7ba602e59abf80dc799"
  integrity sha512-KWk80UPIzPmUg+P0rKh6TqspRw0G6eux1PuJr+zz47ftMaZ9QDwbGzHZbtzWkl5hgayM/qrKRutllRC7D/vVXQ==

commander@^4.0.1:
  version "4.1.1"
  resolved "https://registry.yarnpkg.com/commander/-/commander-4.1.1.tgz#9fd602bd936294e9e9ef46a3f4d6964044b18068"
  integrity sha512-NOKm8xhkzAjzFx8B2v5OAHT+u5pRQc2UCa2Vq9jYL/31o2wi9mxBA7LIFs3sV5VSC49z6pEhfbMULvShKj26WA==

estree-walker@^0.9.0:
  version "0.9.0"
  resolved "https://registry.yarnpkg.com/estree-walker/-/estree-walker-0.9.0.tgz#9116372f09c02fd88fcafb0c04343631012a0aa6"
  integrity sha512-12U47o7XHUX329+x3FzNVjCx3SHEzMF0nkDv7r/HnBzX/xNTKxajBk6gyygaxrAFtLj39219oMfbtxv4KpaOiA==

globalyzer@^0.1.0:
  version "0.1.4"
  resolved "https://registry.yarnpkg.com/globalyzer/-/globalyzer-0.1.4.tgz#bc8e273afe1ac7c24eea8def5b802340c5cc534f"
  integrity sha512-LeguVWaxgHN0MNbWC6YljNMzHkrCny9fzjmEUdnF1kQ7wATFD1RHFRqA1qxaX2tgxGENlcxjOflopBwj3YZiXA==

globrex@^0.1.1:
  version "0.1.2"
  resolved "https://registry.yarnpkg.com/globrex/-/globrex-0.1.2.tgz#dd5d9ec826232730cd6793a5e33a9302985e6098"
  integrity sha512-uHJgbwAMwNFf5mLst7IWLNg14x1CkeqglJb/K3doi4dw6q2IvAAmM/Y81kevy83wP+Sst+nutFTYOGg3d1lsxg==

intl-format-cache@^4.2.21:
  version "4.3.1"
  resolved "https://registry.yarnpkg.com/intl-format-cache/-/intl-format-cache-4.3.1.tgz#484d31a9872161e6c02139349b259a6229ade377"
  integrity sha512-OEUYNA7D06agqPOYhbTkl0T8HA3QKSuwWh1HiClEnpd9vw7N+3XsQt5iZ0GUEchp5CW1fQk/tary+NsbF3yQ1Q==

intl-messageformat-parser@^3.6.4:
  version "3.6.4"
  resolved "https://registry.yarnpkg.com/intl-messageformat-parser/-/intl-messageformat-parser-3.6.4.tgz#5199d106d816c3dda26ee0694362a9cf823978fb"
  integrity sha512-RgPGwue0mJtoX2Ax8EmMzJzttxjnva7gx0Q7mKJ4oALrTZvtmCeAw5Msz2PcjW4dtCh/h7vN/8GJCxZO1uv+OA==
  dependencies:
    "@formatjs/intl-unified-numberformat" "^3.2.0"

intl-messageformat@^7.5.2:
  version "7.8.4"
  resolved "https://registry.yarnpkg.com/intl-messageformat/-/intl-messageformat-7.8.4.tgz#c29146a06b9cd26662978a4d95fff2b133e3642f"
  integrity sha512-yS0cLESCKCYjseCOGXuV4pxJm/buTfyCJ1nzQjryHmSehlptbZbn9fnlk1I9peLopZGGbjj46yHHiTAEZ1qOTA==
  dependencies:
    intl-format-cache "^4.2.21"
    intl-messageformat-parser "^3.6.4"

svelte-i18n@^3.0.4:
  version "3.0.4"
  resolved "https://registry.yarnpkg.com/svelte-i18n/-/svelte-i18n-3.0.4.tgz#457444904db201d9569648a87af1f09fa3ab4b03"
  integrity sha512-qgRVjVmQ35wJtn0O6y0zpKo+Jagd8BTMUm5+to6yzIDAkzHPoINu0KUgJlff4QzXRcHsYodnj9qzKIZMtCfqfw==
  dependencies:
    commander "^4.0.1"
    estree-walker "^0.9.0"
    intl-messageformat "^7.5.2"
    tiny-glob "^0.2.6"

svelte@^3.24.0:
  version "3.24.1"
  resolved "https://registry.yarnpkg.com/svelte/-/svelte-3.24.1.tgz#aca364937dd1df27fe131e2a4c234acb6061db4b"
  integrity sha512-OX/IBVUJSFo1rnznXdwf9rv6LReJ3qQ0PwRjj76vfUWyTfbHbR9OXqJBnUrpjyis2dwYcbT2Zm1DFjOOF1ZbbQ==

tiny-glob@^0.2.6:
  version "0.2.6"
  resolved "https://registry.yarnpkg.com/tiny-glob/-/tiny-glob-0.2.6.tgz#9e056e169d9788fe8a734dfa1ff02e9b92ed7eda"
  integrity sha512-A7ewMqPu1B5PWwC3m7KVgAu96Ch5LA0w4SnEN/LbDREj/gAD0nPWboRbn8YoP9ISZXqeNAlMvKSKoEuhcfK3Pw==
  dependencies:
    globalyzer "^0.1.0"
    globrex "^0.1.1"

typescript@^4.0.2:
  version "4.0.2"
  resolved "https://registry.yarnpkg.com/typescript/-/typescript-4.0.2.tgz#7ea7c88777c723c681e33bf7988be5d008d05ac2"
  integrity sha512-e4ERvRV2wb+rRZ/IQeb3jm2VxBsirQLpQhdxplZ2MEzGvDkkMmPglecnNDfSUBivMjP93vRbngYYDQqQ/78bcQ==
